# GENERATED FILE - DO NOT EDIT DIRECTLY
schema_version: 1

bundle:
  version: "0.1.0-dev"
  release_sequence: 0
  channel: "development"
  source_commit: "657577c5bb7a99217855834f9429f089afcb2082"
  digest: "sha256:ffdae1fe0904b20cf12a741df8b5cdb7c5ddd4e5997874c8a23e1ee9f5c75deb"

projection:
  input_digest: "sha256:ad4f8e32beba7974125a04825ddaa3eb6f43da927fff78c81cb2c2be3626cd48"
  output_digest: "sha256:1045ce5abb57950a86ad5afb8b33a48df6ca9ea4e46e0123d9976b4f924e7c82"
  files:
    - path: ".gds/compiled-policy.json"
      digest: "sha256:90801f549147cee902f6be558de84889999acebe96cbb04d462efc899de4cb63"
